// !$*UTF8*$!
{
	archiveVersion = 1;
	classes = {
	};
	objectVersion = 50;
	objects = {

/* Begin PBXBuildFile section */
		8754CFCD5A450250E64407DB /* Pods_talkative.framework in Frameworks */ = {isa = PBXBuildFile; fileRef = CBEF7BACA7B841F552FFD593 /* Pods_talkative.framework */; };
		9957A92720BD0E8500D1C0AC /* MessageCell.xib in Resources */ = {isa = PBXBuildFile; fileRef = 9957A92620BD0E8500D1C0AC /* MessageCell.xib */; };
		9957A92920BD1F0700D1C0AC /* MessageCell.swift in Sources */ = {isa = PBXBuildFile; fileRef = 9957A92820BD1F0700D1C0AC /* MessageCell.swift */; };
		999029FB20B37341006E600D /* AppDelegate.swift in Sources */ = {isa = PBXBuildFile; fileRef = 999029FA20B37341006E600D /* AppDelegate.swift */; };
		999029FD20B37341006E600D /* RegisterViewController.swift in Sources */ = {isa = PBXBuildFile; fileRef = 999029FC20B37341006E600D /* RegisterViewController.swift */; };
		99902A0220B37342006E600D /* Assets.xcassets in Resources */ = {isa = PBXBuildFile; fileRef = 99902A0120B37342006E600D /* Assets.xcassets */; };
		99902A0520B37342006E600D /* LaunchScreen.storyboard in Resources */ = {isa = PBXBuildFile; fileRef = 99902A0320B37342006E600D /* LaunchScreen.storyboard */; };
		99902A1420B3857D006E600D /* Message.swift in Sources */ = {isa = PBXBuildFile; fileRef = 99902A1320B3857D006E600D /* Message.swift */; };
		99902A1620B386A7006E600D /* WelcomeScreenViewController.swift in Sources */ = {isa = PBXBuildFile; fileRef = 99902A1520B386A7006E600D /* WelcomeScreenViewController.swift */; };
		99902A1820B38830006E600D /* Main.storyboard in Resources */ = {isa = PBXBuildFile; fileRef = 99902A1720B38830006E600D /* Main.storyboard */; };
		99902A1A20B38982006E600D /* LogInViewController.swift in Sources */ = {isa = PBXBuildFile; fileRef = 99902A1920B38982006E600D /* LogInViewController.swift */; };
		99902A1C20B38B40006E600D /* ChatViewController.swift in Sources */ = {isa = PBXBuildFile; fileRef = 99902A1B20B38B40006E600D /* ChatViewController.swift */; };
		99902A1E20B38CD2006E600D /* GoogleService-Info.plist in Resources */ = {isa = PBXBuildFile; fileRef = 99902A1D20B38CD1006E600D /* GoogleService-Info.plist */; };
/* End PBXBuildFile section */

/* Begin PBXFileReference section */
		9957A92620BD0E8500D1C0AC /* MessageCell.xib */ = {isa = PBXFileReference; fileEncoding = 4; lastKnownFileType = file.xib; path = MessageCell.xib; sourceTree = "<group>"; };
		9957A92820BD1F0700D1C0AC /* MessageCell.swift */ = {isa = PBXFileReference; lastKnownFileType = sourcecode.swift; path = MessageCell.swift; sourceTree = "<group>"; };
		999029F720B37341006E600D /* talkative.app */ = {isa = PBXFileReference; explicitFileType = wrapper.application; includeInIndex = 0; path = talkative.app; sourceTree = BUILT_PRODUCTS_DIR; };
		999029FA20B37341006E600D /* AppDelegate.swift */ = {isa = PBXFileReference; lastKnownFileType = sourcecode.swift; path = AppDelegate.swift; sourceTree = "<group>"; };
		999029FC20B37341006E600D /* RegisterViewController.swift */ = {isa = PBXFileReference; lastKnownFileType = sourcecode.swift; path = RegisterViewController.swift; sourceTree = "<group>"; };
		99902A0120B37342006E600D /* Assets.xcassets */ = {isa = PBXFileReference; lastKnownFileType = folder.assetcatalog; path = Assets.xcassets; sourceTree = "<group>"; };
		99902A0420B37342006E600D /* Base */ = {isa = PBXFileReference; lastKnownFileType = file.storyboard; name = Base; path = Base.lproj/LaunchScreen.storyboard; sourceTree = "<group>"; };
		99902A0620B37342006E600D /* Info.plist */ = {isa = PBXFileReference; lastKnownFileType = text.plist.xml; path = Info.plist; sourceTree = "<group>"; };
		99902A1320B3857D006E600D /* Message.swift */ = {isa = PBXFileReference; lastKnownFileType = sourcecode.swift; path = Message.swift; sourceTree = "<group>"; };
		99902A1520B386A7006E600D /* WelcomeScreenViewController.swift */ = {isa = PBXFileReference; lastKnownFileType = sourcecode.swift; path = WelcomeScreenViewController.swift; sourceTree = "<group>"; };
		99902A1720B38830006E600D /* Main.storyboard */ = {isa = PBXFileReference; fileEncoding = 4; lastKnownFileType = file.storyboard; path = Main.storyboard; sourceTree = "<group>"; };
		99902A1920B38982006E600D /* LogInViewController.swift */ = {isa = PBXFileReference; lastKnownFileType = sourcecode.swift; path = LogInViewController.swift; sourceTree = "<group>"; };
		99902A1B20B38B40006E600D /* ChatViewController.swift */ = {isa = PBXFileReference; lastKnownFileType = sourcecode.swift; path = ChatViewController.swift; sourceTree = "<group>"; };
		99902A1D20B38CD1006E600D /* GoogleService-Info.plist */ = {isa = PBXFileReference; fileEncoding = 4; lastKnownFileType = text.plist.xml; path = "GoogleService-Info.plist"; sourceTree = "<group>"; };
		CBEF7BACA7B841F552FFD593 /* Pods_talkative.framework */ = {isa = PBXFileReference; explicitFileType = wrapper.framework; includeInIndex = 0; path = Pods_talkative.framework; sourceTree = BUILT_PRODUCTS_DIR; };
		D79A127F9DA45110CAF0051F /* Pods-talkative.debug.xcconfig */ = {isa = PBXFileReference; includeInIndex = 1; lastKnownFileType = text.xcconfig; name = "Pods-talkative.debug.xcconfig"; path = "Pods/Target Support Files/Pods-talkative/Pods-talkative.debug.xcconfig"; sourceTree = "<group>"; };
		E7FA3BFF8C713EEC3C44852B /* Pods-talkative.release.xcconfig */ = {isa = PBXFileReference; includeInIndex = 1; lastKnownFileType = text.xcconfig; name = "Pods-talkative.release.xcconfig"; path = "Pods/Target Support Files/Pods-talkative/Pods-talkative.release.xcconfig"; sourceTree = "<group>"; };
/* End PBXFileReference section */

/* Begin PBXFrameworksBuildPhase section */
		999029F420B37341006E600D /* Frameworks */ = {
			isa = PBXFrameworksBuildPhase;
			buildActionMask = 2147483647;
			files = (
				8754CFCD5A450250E64407DB /* Pods_talkative.framework in Frameworks */,
			);
			runOnlyForDeploymentPostprocessing = 0;
		};
/* End PBXFrameworksBuildPhase section */

/* Begin PBXGroup section */
		9957A92520BD0E6100D1C0AC /* message cell */ = {
			isa = PBXGroup;
			children = (
				9957A92620BD0E8500D1C0AC /* MessageCell.xib */,
				9957A92820BD1F0700D1C0AC /* MessageCell.swift */,
			);
			name = "message cell";
			sourceTree = "<group>";
		};
		999029EE20B37341006E600D = {
			isa = PBXGroup;
			children = (
				999029F920B37341006E600D /* talkative */,
				999029F820B37341006E600D /* Products */,
				F9E4A28424D276C10B360797 /* Pods */,
				B5C098B9F593663550EB2204 /* Frameworks */,
			);
			sourceTree = "<group>";
		};
		999029F820B37341006E600D /* Products */ = {
			isa = PBXGroup;
			children = (
				999029F720B37341006E600D /* talkative.app */,
			);
			name = Products;
			sourceTree = "<group>";
		};
		999029F920B37341006E600D /* talkative */ = {
			isa = PBXGroup;
			children = (
				99902A1120B3853C006E600D /* View */,
				99902A0F20B3852C006E600D /* Model */,
				99902A0D20B384CD006E600D /* Controller */,
				99902A0120B37342006E600D /* Assets.xcassets */,
				99902A0620B37342006E600D /* Info.plist */,
				99902A1D20B38CD1006E600D /* GoogleService-Info.plist */,
			);
			path = talkative;
			sourceTree = "<group>";
		};
		99902A0D20B384CD006E600D /* Controller */ = {
			isa = PBXGroup;
			children = (
				999029FA20B37341006E600D /* AppDelegate.swift */,
				999029FC20B37341006E600D /* RegisterViewController.swift */,
				99902A1920B38982006E600D /* LogInViewController.swift */,
				99902A1B20B38B40006E600D /* ChatViewController.swift */,
				99902A1520B386A7006E600D /* WelcomeScreenViewController.swift */,
			);
			name = Controller;
			sourceTree = "<group>";
		};
		99902A0F20B3852C006E600D /* Model */ = {
			isa = PBXGroup;
			children = (
				99902A1320B3857D006E600D /* Message.swift */,
			);
			name = Model;
			sourceTree = "<group>";
		};
		99902A1120B3853C006E600D /* View */ = {
			isa = PBXGroup;
			children = (
				9957A92520BD0E6100D1C0AC /* message cell */,
				99902A0320B37342006E600D /* LaunchScreen.storyboard */,
				99902A1720B38830006E600D /* Main.storyboard */,
			);
			name = View;
			sourceTree = "<group>";
		};
		B5C098B9F593663550EB2204 /* Frameworks */ = {
			isa = PBXGroup;
			children = (
				CBEF7BACA7B841F552FFD593 /* Pods_talkative.framework */,
			);
			name = Frameworks;
			sourceTree = "<group>";
		};
		F9E4A28424D276C10B360797 /* Pods */ = {
			isa = PBXGroup;
			children = (
				D79A127F9DA45110CAF0051F /* Pods-talkative.debug.xcconfig */,
				E7FA3BFF8C713EEC3C44852B /* Pods-talkative.release.xcconfig */,
			);
			name = Pods;
			sourceTree = "<group>";
		};
/* End PBXGroup section */

/* Begin PBXNativeTarget section */
		999029F620B37341006E600D /* talkative */ = {
			isa = PBXNativeTarget;
			buildConfigurationList = 99902A0920B37342006E600D /* Build configuration list for PBXNativeTarget "talkative" */;
			buildPhases = (
				BD113E47ACD7BD77FA7653DD /* [CP] Check Pods Manifest.lock */,
				999029F320B37341006E600D /* Sources */,
				999029F420B37341006E600D /* Frameworks */,
				999029F520B37341006E600D /* Resources */,
				C4B503EF3DECF596109B27B3 /* [CP] Embed Pods Frameworks */,
			);
			buildRules = (
			);
			dependencies = (
			);
			name = talkative;
			productName = talkative;
			productReference = 999029F720B37341006E600D /* talkative.app */;
			productType = "com.apple.product-type.application";
		};
/* End PBXNativeTarget section */

/* Begin PBXProject section */
		999029EF20B37341006E600D /* Project object */ = {
			isa = PBXProject;
			attributes = {
				LastSwiftUpdateCheck = 0930;
				LastUpgradeCheck = 0930;
				ORGANIZATIONNAME = "Ziad Hamdieh";
				TargetAttributes = {
					999029F620B37341006E600D = {
						CreatedOnToolsVersion = 9.3.1;
					};
				};
			};
			buildConfigurationList = 999029F220B37341006E600D /* Build configuration list for PBXProject "talkative" */;
			compatibilityVersion = "Xcode 9.3";
			developmentRegion = en;
			hasScannedForEncodings = 0;
			knownRegions = (
				en,
				Base,
			);
			mainGroup = 999029EE20B37341006E600D;
			productRefGroup = 999029F820B37341006E600D /* Products */;
			projectDirPath = "";
			projectRoot = "";
			targets = (
				999029F620B37341006E600D /* talkative */,
			);
		};
/* End PBXProject section */

/* Begin PBXResourcesBuildPhase section */
		999029F520B37341006E600D /* Resources */ = {
			isa = PBXResourcesBuildPhase;
			buildActionMask = 2147483647;
			files = (
				9957A92720BD0E8500D1C0AC /* MessageCell.xib in Resources */,
				99902A1820B38830006E600D /* Main.storyboard in Resources */,
				99902A1E20B38CD2006E600D /* GoogleService-Info.plist in Resources */,
				99902A0520B37342006E600D /* LaunchScreen.storyboard in Resources */,
				99902A0220B37342006E600D /* Assets.xcassets in Resources */,
			);
			runOnlyForDeploymentPostprocessing = 0;
		};
/* End PBXResourcesBuildPhase section */

/* Begin PBXShellScriptBuildPhase section */
		BD113E47ACD7BD77FA7653DD /* [CP] Check Pods Manifest.lock */ = {
			isa = PBXShellScriptBuildPhase;
			buildActionMask = 2147483647;
			files = (
			);
			inputPaths = (
				"${PODS_PODFILE_DIR_PATH}/Podfile.lock",
				"${PODS_ROOT}/Manifest.lock",
			);
			name = "[CP] Check Pods Manifest.lock";
			outputPaths = (
				"$(DERIVED_FILE_DIR)/Pods-talkative-checkManifestLockResult.txt",
			);
			runOnlyForDeploymentPostprocessing = 0;
			shellPath = /bin/sh;
			shellScript = "diff \"${PODS_PODFILE_DIR_PATH}/Podfile.lock\" \"${PODS_ROOT}/Manifest.lock\" > /dev/null\nif [ $? != 0 ] ; then\n    # print error to STDERR\n    echo \"error: The sandbox is not in sync with the Podfile.lock. Run 'pod install' or update your CocoaPods installation.\" >&2\n    exit 1\nfi\n# This output is used by Xcode 'outputs' to avoid re-running this script phase.\necho \"SUCCESS\" > \"${SCRIPT_OUTPUT_FILE_0}\"\n";
			showEnvVarsInLog = 0;
		};
		C4B503EF3DECF596109B27B3 /* [CP] Embed Pods Frameworks */ = {
			isa = PBXShellScriptBuildPhase;
			buildActionMask = 2147483647;
			files = (
			);
			inputPaths = (
				"${SRCROOT}/Pods/Target Support Files/Pods-talkative/Pods-talkative-frameworks.sh",
				"${BUILT_PRODUCTS_DIR}/ChameleonFramework/ChameleonFramework.framework",
				"${BUILT_PRODUCTS_DIR}/GTMSessionFetcher/GTMSessionFetcher.framework",
				"${BUILT_PRODUCTS_DIR}/GoogleToolboxForMac/GoogleToolboxForMac.framework",
				"${BUILT_PRODUCTS_DIR}/ProgressHUD/ProgressHUD.framework",
				"${BUILT_PRODUCTS_DIR}/SVProgressHUD/SVProgressHUD.framework",
				"${BUILT_PRODUCTS_DIR}/leveldb-library/leveldb.framework",
				"${BUILT_PRODUCTS_DIR}/nanopb/nanopb.framework",
			);
			name = "[CP] Embed Pods Frameworks";
			outputPaths = (
				"${TARGET_BUILD_DIR}/${FRAMEWORKS_FOLDER_PATH}/ChameleonFramework.framework",
				"${TARGET_BUILD_DIR}/${FRAMEWORKS_FOLDER_PATH}/GTMSessionFetcher.framework",
				"${TARGET_BUILD_DIR}/${FRAMEWORKS_FOLDER_PATH}/GoogleToolboxForMac.framework",
				"${TARGET_BUILD_DIR}/${FRAMEWORKS_FOLDER_PATH}/ProgressHUD.framework",
				"${TARGET_BUILD_DIR}/${FRAMEWORKS_FOLDER_PATH}/SVProgressHUD.framework",
				"${TARGET_BUILD_DIR}/${FRAMEWORKS_FOLDER_PATH}/leveldb.framework",
				"${TARGET_BUILD_DIR}/${FRAMEWORKS_FOLDER_PATH}/nanopb.framework",
			);
			runOnlyForDeploymentPostprocessing = 0;
			shellPath = /bin/sh;
			shellScript = "\"${SRCROOT}/Pods/Target Support Files/Pods-talkative/Pods-talkative-frameworks.sh\"\n";
			showEnvVarsInLog = 0;
		};
/* End PBXShellScriptBuildPhase section */

/* Begin PBXSourcesBuildPhase section */
		999029F320B37341006E600D /* Sources */ = {
			isa = PBXSourcesBuildPhase;
			buildActionMask = 2147483647;
			files = (
				999029FD20B37341006E600D /* RegisterViewController.swift in Sources */,
				9957A92920BD1F0700D1C0AC /* MessageCell.swift in Sources */,
				99902A1620B386A7006E600D /* WelcomeScreenViewController.swift in Sources */,
				999029FB20B37341006E600D /* AppDelegate.swift in Sources */,
				99902A1A20B38982006E600D /* LogInViewController.swift in Sources */,
				99902A1C20B38B40006E600D /* ChatViewController.swift in Sources */,
				99902A1420B3857D006E600D /* Message.swift in Sources */,
			);
			runOnlyForDeploymentPostprocessing = 0;
		};
/* End PBXSourcesBuildPhase section */

/* Begin PBXVariantGroup section */
		99902A0320B37342006E600D /* LaunchScreen.storyboard */ = {
			isa = PBXVariantGroup;
			children = (
				99902A0420B37342006E600D /* Base */,
			);
			name = LaunchScreen.storyboard;
			sourceTree = "<group>";
		};
/* End PBXVariantGroup section */

/* Begin XCBuildConfiguration section */
		99902A0720B37342006E600D /* Debug */ = {
			isa = XCBuildConfiguration;
			buildSettings = {
				ALWAYS_SEARCH_USER_PATHS = NO;
				CLANG_ANALYZER_NONNULL = YES;
				CLANG_ANALYZER_NUMBER_OBJECT_CONVERSION = YES_AGGRESSIVE;
				CLANG_CXX_LANGUAGE_STANDARD = "gnu++14";
				CLANG_CXX_LIBRARY = "libc++";
				CLANG_ENABLE_MODULES = YES;
				CLANG_ENABLE_OBJC_ARC = YES;
				CLANG_ENABLE_OBJC_WEAK = YES;
				CLANG_WARN_BLOCK_CAPTURE_AUTORELEASING = YES;
				CLANG_WARN_BOOL_CONVERSION = YES;
				CLANG_WARN_COMMA = YES;
				CLANG_WARN_CONSTANT_CONVERSION = YES;
				CLANG_WARN_DEPRECATED_OBJC_IMPLEMENTATIONS = YES;
				CLANG_WARN_DIRECT_OBJC_ISA_USAGE = YES_ERROR;
				CLANG_WARN_DOCUMENTATION_COMMENTS = YES;
				CLANG_WARN_EMPTY_BODY = YES;
				CLANG_WARN_ENUM_CONVERSION = YES;
				CLANG_WARN_INFINITE_RECURSION = YES;
				CLANG_WARN_INT_CONVERSION = YES;
				CLANG_WARN_NON_LITERAL_NULL_CONVERSION = YES;
				CLANG_WARN_OBJC_IMPLICIT_RETAIN_SELF = YES;
				CLANG_WARN_OBJC_LITERAL_CONVERSION = YES;
				CLANG_WARN_OBJC_ROOT_CLASS = YES_ERROR;
				CLANG_WARN_RANGE_LOOP_ANALYSIS = YES;
				CLANG_WARN_STRICT_PROTOTYPES = YES;
				CLANG_WARN_SUSPICIOUS_MOVE = YES;
				CLANG_WARN_UNGUARDED_AVAILABILITY = YES_AGGRESSIVE;
				CLANG_WARN_UNREACHABLE_CODE = YES;
				CLANG_WARN__DUPLICATE_METHOD_MATCH = YES;
				CODE_SIGN_IDENTITY = "iPhone Developer";
				COPY_PHASE_STRIP = NO;
				DEBUG_INFORMATION_FORMAT = dwarf;
				ENABLE_STRICT_OBJC_MSGSEND = YES;
				ENABLE_TESTABILITY = YES;
				GCC_C_LANGUAGE_STANDARD = gnu11;
				GCC_DYNAMIC_NO_PIC = NO;
				GCC_NO_COMMON_BLOCKS = YES;
				GCC_OPTIMIZATION_LEVEL = 0;
				GCC_PREPROCESSOR_DEFINITIONS = (
					"DEBUG=1",
					"$(inherited)",
				);
				GCC_WARN_64_TO_32_BIT_CONVERSION = YES;
				GCC_WARN_ABOUT_RETURN_TYPE = YES_ERROR;
				GCC_WARN_UNDECLARED_SELECTOR = YES;
				GCC_WARN_UNINITIALIZED_AUTOS = YES_AGGRESSIVE;
				GCC_WARN_UNUSED_FUNCTION = YES;
				GCC_WARN_UNUSED_VARIABLE = YES;
				IPHONEOS_DEPLOYMENT_TARGET = 11.3;
				MTL_ENABLE_DEBUG_INFO = YES;
				ONLY_ACTIVE_ARCH = YES;
				SDKROOT = iphoneos;
				SWIFT_ACTIVE_COMPILATION_CONDITIONS = DEBUG;
				SWIFT_OPTIMIZATION_LEVEL = "-Onone";
			};
			name = Debug;
		};
		99902A0820B37342006E600D /* Release */ = {
			isa = XCBuildConfiguration;
			buildSettings = {
				ALWAYS_SEARCH_USER_PATHS = NO;
				CLANG_ANALYZER_NONNULL = YES;
				CLANG_ANALYZER_NUMBER_OBJECT_CONVERSION = YES_AGGRESSIVE;
				CLANG_CXX_LANGUAGE_STANDARD = "gnu++14";
				CLANG_CXX_LIBRARY = "libc++";
				CLANG_ENABLE_MODULES = YES;
				CLANG_ENABLE_OBJC_ARC = YES;
				CLANG_ENABLE_OBJC_WEAK = YES;
				CLANG_WARN_BLOCK_CAPTURE_AUTORELEASING = YES;
				CLANG_WARN_BOOL_CONVERSION = YES;
				CLANG_WARN_COMMA = YES;
				CLANG_WARN_CONSTANT_CONVERSION = YES;
				CLANG_WARN_DEPRECATED_OBJC_IMPLEMENTATIONS = YES;
				CLANG_WARN_DIRECT_OBJC_ISA_USAGE = YES_ERROR;
				CLANG_WARN_DOCUMENTATION_COMMENTS = YES;
				CLANG_WARN_EMPTY_BODY = YES;
				CLANG_WARN_ENUM_CONVERSION = YES;
				CLANG_WARN_INFINITE_RECURSION = YES;
				CLANG_WARN_INT_CONVERSION = YES;
				CLANG_WARN_NON_LITERAL_NULL_CONVERSION = YES;
				CLANG_WARN_OBJC_IMPLICIT_RETAIN_SELF = YES;
				CLANG_WARN_OBJC_LITERAL_CONVERSION = YES;
				CLANG_WARN_OBJC_ROOT_CLASS = YES_ERROR;
				CLANG_WARN_RANGE_LOOP_ANALYSIS = YES;
				CLANG_WARN_STRICT_PROTOTYPES = YES;
				CLANG_WARN_SUSPICIOUS_MOVE = YES;
				CLANG_WARN_UNGUARDED_AVAILABILITY = YES_AGGRESSIVE;
				CLANG_WARN_UNREACHABLE_CODE = YES;
				CLANG_WARN__DUPLICATE_METHOD_MATCH = YES;
				CODE_SIGN_IDENTITY = "iPhone Developer";
				COPY_PHASE_STRIP = NO;
				DEBUG_INFORMATION_FORMAT = "dwarf-with-dsym";
				ENABLE_NS_ASSERTIONS = NO;
				ENABLE_STRICT_OBJC_MSGSEND = YES;
				GCC_C_LANGUAGE_STANDARD = gnu11;
				GCC_NO_COMMON_BLOCKS = YES;
				GCC_WARN_64_TO_32_BIT_CONVERSION = YES;
				GCC_WARN_ABOUT_RETURN_TYPE = YES_ERROR;
				GCC_WARN_UNDECLARED_SELECTOR = YES;
				GCC_WARN_UNINITIALIZED_AUTOS = YES_AGGRESSIVE;
				GCC_WARN_UNUSED_FUNCTION = YES;
				GCC_WARN_UNUSED_VARIABLE = YES;
				IPHONEOS_DEPLOYMENT_TARGET = 11.3;
				MTL_ENABLE_DEBUG_INFO = NO;
				SDKROOT = iphoneos;
				SWIFT_COMPILATION_MODE = wholemodule;
				SWIFT_OPTIMIZATION_LEVEL = "-O";
				VALIDATE_PRODUCT = YES;
			};
			name = Release;
		};
		99902A0A20B37342006E600D /* Debug */ = {
			isa = XCBuildConfiguration;
			baseConfigurationReference = D79A127F9DA45110CAF0051F /* Pods-talkative.debug.xcconfig */;
			buildSettings = {
				ASSETCATALOG_COMPILER_APPICON_NAME = AppIcon;
				CODE_SIGN_STYLE = Automatic;
				DEVELOPMENT_TEAM = A95L9B7C26;
				INFOPLIST_FILE = talkative/Info.plist;
				LD_RUNPATH_SEARCH_PATHS = (
					"$(inherited)",
					"@executable_path/Frameworks",
				);
				PRODUCT_BUNDLE_IDENTIFIER = com.ZiadHamdieh.talkative;
				PRODUCT_NAME = "$(TARGET_NAME)";
				SWIFT_VERSION = 4.0;
				TARGETED_DEVICE_FAMILY = "1,2";
			};
			name = Debug;
		};
		99902A0B20B37342006E600D /* Release */ = {
			isa = XCBuildConfiguration;
			baseConfigurationReference = E7FA3BFF8C713EEC3C44852B /* Pods-talkative.release.xcconfig */;
			buildSettings = {
				ASSETCATALOG_COMPILER_APPICON_NAME = AppIcon;
				CODE_SIGN_STYLE = Automatic;
				DEVELOPMENT_TEAM = A95L9B7C26;
				INFOPLIST_FILE = talkative/Info.plist;
				LD_RUNPATH_SEARCH_PATHS = (
					"$(inherited)",
					"@executable_path/Frameworks",
				);
				PRODUCT_BUNDLE_IDENTIFIER = com.ZiadHamdieh.talkative;
				PRODUCT_NAME = "$(TARGET_NAME)";
				SWIFT_VERSION = 4.0;
				TARGETED_DEVICE_FAMILY = "1,2";
			};
			name = Release;
		};
/* End XCBuildConfiguration section */

/* Begin XCConfigurationList section */
		999029F220B37341006E600D /* Build configuration list for PBXProject "talkative" */ = {
			isa = XCConfigurationList;
			buildConfigurations = (
				99902A0720B37342006E600D /* Debug */,
				99902A0820B37342006E600D /* Release */,
			);
			defaultConfigurationIsVisible = 0;
			defaultConfigurationName = Release;
		};
		99902A0920B37342006E600D /* Build configuration list for PBXNativeTarget "talkative" */ = {
			isa = XCConfigurationList;
			buildConfigurations = (
				99902A0A20B37342006E600D /* Debug */,
				99902A0B20B37342006E600D /* Release */,
			);
			defaultConfigurationIsVisible = 0;
			defaultConfigurationName = Release;
		};
/* End XCConfigurationList section */
	};
	rootObject = 999029EF20B37341006E600D /* Project object */;
}
